// !$*UTF8*$!
{
	archiveVersion = 1;
	classes = {
	};
	objectVersion = 46;
	objects = {

/* Begin PBXAggregateTarget section */
		E6F3CD491BC04BED8CF832BD /* ALL_BUILD */ = {
			isa = PBXAggregateTarget;
			buildConfigurationList = FEECD85F38824B1EB9D4C3EC /* Build configuration list for PBXAggregateTarget "ALL_BUILD" */;
			buildPhases = (
				F128A6E6C5BE4B50B4303C04 /* CMake Rules */,
			);
			dependencies = (
				7B7D5C1BA23E42B380672F15 /* PBXTargetDependency */,
				DB495913F90141F49F5939CC /* PBXTargetDependency */,
			);
			name = ALL_BUILD;
			productName = ALL_BUILD;
		};
		EC9D22622AAC4BAC90CA70A8 /* ZERO_CHECK */ = {
			isa = PBXAggregateTarget;
			buildConfigurationList = 9E27F9CA613842E9AF099573 /* Build configuration list for PBXAggregateTarget "ZERO_CHECK" */;
			buildPhases = (
				0148A7961A1B4F20A1830024 /* CMake Rules */,
			);
			dependencies = (
			);
			name = ZERO_CHECK;
			productName = ZERO_CHECK;
		};
/* End PBXAggregateTarget section */

/* Begin PBXBuildFile section */
		2944066EB8E04FBEB984CB26 /* FusionEKF.cpp in Sources */ = {isa = PBXBuildFile; fileRef = B4B2D942CA8E426B96707099 /* FusionEKF.cpp */; };
		6C94EB92453444FFB46E663C /* kalman_filter.cpp in Sources */ = {isa = PBXBuildFile; fileRef = 85C320F781E747409DCC5B89 /* kalman_filter.cpp */; };
		7C620655FD384B81B3870D99 /* main.cpp in Sources */ = {isa = PBXBuildFile; fileRef = 5D11FA15AD8F46208F53F674 /* main.cpp */; };
		86A62303C6EB483DBB652ABE /* tools.cpp in Sources */ = {isa = PBXBuildFile; fileRef = 82B145C145A745A190165D2B /* tools.cpp */; };
/* End PBXBuildFile section */

/* Begin PBXContainerItemProxy section */
		0F90A412F654429897721FEC /* PBXContainerItemProxy */ = {
			isa = PBXContainerItemProxy;
			containerPortal = 2CF61E8973464041B86A8952 /* Project object */;
			proxyType = 1;
			remoteGlobalIDString = EC9D22622AAC4BAC90CA70A8;
			remoteInfo = ZERO_CHECK;
		};
		546637688F1B4E318F4734EB /* PBXContainerItemProxy */ = {
			isa = PBXContainerItemProxy;
			containerPortal = 2CF61E8973464041B86A8952 /* Project object */;
			proxyType = 1;
			remoteGlobalIDString = EC9D22622AAC4BAC90CA70A8;
			remoteInfo = ZERO_CHECK;
		};
		CB5D9F8F5669436ABBB656A2 /* PBXContainerItemProxy */ = {
			isa = PBXContainerItemProxy;
			containerPortal = 2CF61E8973464041B86A8952 /* Project object */;
			proxyType = 1;
			remoteGlobalIDString = 1A5E903267424CE8A8D6107E;
			remoteInfo = ExtendedKF;
		};
/* End PBXContainerItemProxy section */

/* Begin PBXFileReference section */
		2ADF2F22D1384A039110F511 /* CMakeLists.txt */ = {isa = PBXFileReference; explicitFileType = sourcecode.text; fileEncoding = 4; lastKnownFileType = text; path = CMakeLists.txt; sourceTree = SOURCE_ROOT; };
		3B7BFD24E4054BD8B6B2E8BF /* ExtendedKF */ = {isa = PBXFileReference; explicitFileType = "compiled.mach-o.executable"; path = ExtendedKF; sourceTree = BUILT_PRODUCTS_DIR; };
		4A4BB3D629BB4BA5BBC5A643 /* CMakeLists.txt */ = {isa = PBXFileReference; explicitFileType = sourcecode.text; fileEncoding = 4; lastKnownFileType = text; path = CMakeLists.txt; sourceTree = SOURCE_ROOT; };
		5D11FA15AD8F46208F53F674 /* main.cpp */ = {isa = PBXFileReference; explicitFileType = sourcecode.cpp.cpp; fileEncoding = 4; name = main.cpp; path = src/main.cpp; sourceTree = SOURCE_ROOT; };
		74F2EA9601F94F769EDC20F8 /* CMakeLists.txt */ = {isa = PBXFileReference; explicitFileType = sourcecode.text; fileEncoding = 4; lastKnownFileType = text; path = CMakeLists.txt; sourceTree = SOURCE_ROOT; };
		82B145C145A745A190165D2B /* tools.cpp */ = {isa = PBXFileReference; explicitFileType = sourcecode.cpp.cpp; fileEncoding = 4; indentWidth = 2; name = tools.cpp; path = src/tools.cpp; sourceTree = SOURCE_ROOT; tabWidth = 2; };
		85C320F781E747409DCC5B89 /* kalman_filter.cpp */ = {isa = PBXFileReference; explicitFileType = sourcecode.cpp.cpp; fileEncoding = 4; name = kalman_filter.cpp; path = src/kalman_filter.cpp; sourceTree = SOURCE_ROOT; };
		B4B2D942CA8E426B96707099 /* FusionEKF.cpp */ = {isa = PBXFileReference; explicitFileType = sourcecode.cpp.cpp; fileEncoding = 4; indentWidth = 2; name = FusionEKF.cpp; path = src/FusionEKF.cpp; sourceTree = SOURCE_ROOT; tabWidth = 2; };
/* End PBXFileReference section */

/* Begin PBXGroup section */
		148D985DB7384F279BC384AE /* CMake Rules */ = {
			isa = PBXGroup;
			children = (
			);
			name = "CMake Rules";
			sourceTree = "<group>";
		};
		685CA6F4E3544B31BBC3BB84 /* Sources */ = {
			isa = PBXGroup;
			children = (
				ADC907972A394E00AA5194BB /* ExtendedKF */,
				FDA7D247A040497286375533 /* ALL_BUILD */,
				A211D5C14438484EBDB5446A /* ZERO_CHECK */,
			);
			name = Sources;
			sourceTree = "<group>";
		};
		709F6EFF79AA4CA18A0EC2FA /* Source Files */ = {
			isa = PBXGroup;
			children = (
				B4B2D942CA8E426B96707099 /* FusionEKF.cpp */,
				85C320F781E747409DCC5B89 /* kalman_filter.cpp */,
				5D11FA15AD8F46208F53F674 /* main.cpp */,
				82B145C145A745A190165D2B /* tools.cpp */,
			);
			name = "Source Files";
			sourceTree = "<group>";
		};
		86C565E493BB4A73AF21F866 /* CMake Rules */ = {
			isa = PBXGroup;
			children = (
			);
			name = "CMake Rules";
			sourceTree = "<group>";
		};
		A211D5C14438484EBDB5446A /* ZERO_CHECK */ = {
			isa = PBXGroup;
			children = (
				86C565E493BB4A73AF21F866 /* CMake Rules */,
				2ADF2F22D1384A039110F511 /* CMakeLists.txt */,
			);
			name = ZERO_CHECK;
			sourceTree = "<group>";
		};
		ADC907972A394E00AA5194BB /* ExtendedKF */ = {
			isa = PBXGroup;
			children = (
				709F6EFF79AA4CA18A0EC2FA /* Source Files */,
				74F2EA9601F94F769EDC20F8 /* CMakeLists.txt */,
			);
			name = ExtendedKF;
			sourceTree = "<group>";
		};
		C653E78B114746488ECC7982 = {
			isa = PBXGroup;
			children = (
				685CA6F4E3544B31BBC3BB84 /* Sources */,
				C7FB4807573543A29288309A /* Resources */,
				F03EF9B229444FF3887962F0 /* Products */,
			);
			sourceTree = "<group>";
		};
		C7FB4807573543A29288309A /* Resources */ = {
			isa = PBXGroup;
			children = (
			);
			name = Resources;
			sourceTree = "<group>";
		};
		F03EF9B229444FF3887962F0 /* Products */ = {
			isa = PBXGroup;
			children = (
				3B7BFD24E4054BD8B6B2E8BF /* ExtendedKF */,
			);
			name = Products;
			sourceTree = "<group>";
		};
		FDA7D247A040497286375533 /* ALL_BUILD */ = {
			isa = PBXGroup;
			children = (
				148D985DB7384F279BC384AE /* CMake Rules */,
				4A4BB3D629BB4BA5BBC5A643 /* CMakeLists.txt */,
			);
			name = ALL_BUILD;
			sourceTree = "<group>";
		};
/* End PBXGroup section */

/* Begin PBXNativeTarget section */
		1A5E903267424CE8A8D6107E /* ExtendedKF */ = {
			isa = PBXNativeTarget;
			buildConfigurationList = D9949F3D9EDC4C6F8EFEEA8C /* Build configuration list for PBXNativeTarget "ExtendedKF" */;
			buildPhases = (
				1665F5D67EC1440BAF0C25AE /* Sources */,
			);
			buildRules = (
			);
			dependencies = (
				B5DED20D04614ACE8637BDB4 /* PBXTargetDependency */,
			);
			name = ExtendedKF;
			productName = ExtendedKF;
			productReference = 3B7BFD24E4054BD8B6B2E8BF /* ExtendedKF */;
			productType = "com.apple.product-type.tool";
		};
/* End PBXNativeTarget section */

/* Begin PBXProject section */
		2CF61E8973464041B86A8952 /* Project object */ = {
			isa = PBXProject;
			attributes = {
				BuildIndependentTargetsInParallel = YES;
				LastUpgradeCheck = 0810;
			};
			buildConfigurationList = C91532DF82FA4E259CD9373A /* Build configuration list for PBXProject "ExtendedKF" */;
			compatibilityVersion = "Xcode 3.2";
			developmentRegion = English;
			hasScannedForEncodings = 0;
			knownRegions = (
				en,
			);
			mainGroup = C653E78B114746488ECC7982;
			projectDirPath = ../../;
			projectRoot = "";
			targets = (
				E6F3CD491BC04BED8CF832BD /* ALL_BUILD */,
				1A5E903267424CE8A8D6107E /* ExtendedKF */,
				EC9D22622AAC4BAC90CA70A8 /* ZERO_CHECK */,
			);
		};
/* End PBXProject section */

/* Begin PBXShellScriptBuildPhase section */
		0148A7961A1B4F20A1830024 /* CMake Rules */ = {
			isa = PBXShellScriptBuildPhase;
			buildActionMask = 2147483647;
			files = (
			);
			name = "CMake Rules";
			runOnlyForDeploymentPostprocessing = 0;
			shellPath = /bin/sh;
			shellScript = "make -C /Users/pc/Documents/Programowanie/udacity/sdce/CarND-Extended-Kalman-Filter-Project/ide_profiles/xcode -f /Users/pc/Documents/Programowanie/udacity/sdce/CarND-Extended-Kalman-Filter-Project/ide_profiles/xcode/CMakeScripts/ZERO_CHECK_cmakeRulesBuildPhase.make$CONFIGURATION all";
			showEnvVarsInLog = 0;
		};
		F128A6E6C5BE4B50B4303C04 /* CMake Rules */ = {
			isa = PBXShellScriptBuildPhase;
			buildActionMask = 2147483647;
			files = (
			);
			name = "CMake Rules";
			runOnlyForDeploymentPostprocessing = 0;
			shellPath = /bin/sh;
			shellScript = "make -C /Users/pc/Documents/Programowanie/udacity/sdce/CarND-Extended-Kalman-Filter-Project/ide_profiles/xcode -f /Users/pc/Documents/Programowanie/udacity/sdce/CarND-Extended-Kalman-Filter-Project/ide_profiles/xcode/CMakeScripts/ALL_BUILD_cmakeRulesBuildPhase.make$CONFIGURATION all";
			showEnvVarsInLog = 0;
		};
/* End PBXShellScriptBuildPhase section */

/* Begin PBXSourcesBuildPhase section */
		1665F5D67EC1440BAF0C25AE /* Sources */ = {
			isa = PBXSourcesBuildPhase;
			buildActionMask = 2147483647;
			files = (
				2944066EB8E04FBEB984CB26 /* FusionEKF.cpp in Sources */,
				6C94EB92453444FFB46E663C /* kalman_filter.cpp in Sources */,
				7C620655FD384B81B3870D99 /* main.cpp in Sources */,
				86A62303C6EB483DBB652ABE /* tools.cpp in Sources */,
			);
			runOnlyForDeploymentPostprocessing = 0;
		};
/* End PBXSourcesBuildPhase section */

/* Begin PBXTargetDependency section */
		7B7D5C1BA23E42B380672F15 /* PBXTargetDependency */ = {
			isa = PBXTargetDependency;
			target = 1A5E903267424CE8A8D6107E /* ExtendedKF */;
			targetProxy = CB5D9F8F5669436ABBB656A2 /* PBXContainerItemProxy */;
		};
		B5DED20D04614ACE8637BDB4 /* PBXTargetDependency */ = {
			isa = PBXTargetDependency;
			target = EC9D22622AAC4BAC90CA70A8 /* ZERO_CHECK */;
			targetProxy = 546637688F1B4E318F4734EB /* PBXContainerItemProxy */;
		};
		DB495913F90141F49F5939CC /* PBXTargetDependency */ = {
			isa = PBXTargetDependency;
			target = EC9D22622AAC4BAC90CA70A8 /* ZERO_CHECK */;
			targetProxy = 0F90A412F654429897721FEC /* PBXContainerItemProxy */;
		};
/* End PBXTargetDependency section */

/* Begin XCBuildConfiguration section */
		09BEAE097A5E4C70879BC6E5 /* Release */ = {
			isa = XCBuildConfiguration;
			buildSettings = {
				COMBINE_HIDPI_IMAGES = YES;
				EXECUTABLE_PREFIX = "";
				EXECUTABLE_SUFFIX = "";
				GCC_GENERATE_DEBUGGING_SYMBOLS = NO;
				GCC_INLINES_ARE_PRIVATE_EXTERN = NO;
				GCC_OPTIMIZATION_LEVEL = 3;
				GCC_PREPROCESSOR_DEFINITIONS = "'CMAKE_INTDIR=\"$(CONFIGURATION)$(EFFECTIVE_PLATFORM_NAME)\"'";
				GCC_SYMBOLS_PRIVATE_EXTERN = NO;
				HEADER_SEARCH_PATHS = (
					/usr/local/include,
					/usr/local/opt/openssl/include,
				);
				INSTALL_PATH = "";
				LD_RUNPATH_SEARCH_PATHS = "/usr/local/lib /usr/local/opt/openssl/lib /usr/local/Cellar/libuv/1.11.0/lib";
				LIBRARY_SEARCH_PATHS = (
					"/usr/local/lib/$(CONFIGURATION)$(EFFECTIVE_PLATFORM_NAME)",
					/usr/local/lib,
					"/usr/local/opt/openssl/lib/$(CONFIGURATION)$(EFFECTIVE_PLATFORM_NAME)",
					/usr/local/opt/openssl/lib,
					"/usr/local/Cellar/libuv/1.11.0/lib/$(CONFIGURATION)$(EFFECTIVE_PLATFORM_NAME)",
					/usr/local/Cellar/libuv/1.11.0/lib,
				);
				OTHER_CPLUSPLUSFLAGS = (
					"-DNDEBUG",
					"-I/usr/local/include",
					"-I/usr/local/opt/openssl/include",
					"-std=c++11",
				);
				OTHER_LDFLAGS = (
					"-Wl,-search_paths_first",
					"-Wl,-headerpad_max_install_names",
					"-lz",
					"-lssl",
					"-luv",
					"-luWS",
				);
				OTHER_REZFLAGS = "";
				PRODUCT_NAME = ExtendedKF;
				SECTORDER_FLAGS = "";
				SYMROOT = "/Users/pc/Documents/Programowanie/udacity/sdce/CarND-Extended-Kalman-Filter-Project/ide_profiles/xcode";
				USE_HEADERMAP = NO;
				WARNING_CFLAGS = (
					"-Wmost",
					"-Wno-four-char-constants",
					"-Wno-unknown-pragmas",
					"$(inherited)",
				);
			};
			name = Release;
		};
		16012C307B5D4CE5816F2810 /* Debug */ = {
			isa = XCBuildConfiguration;
			buildSettings = {
				COMBINE_HIDPI_IMAGES = YES;
				EXECUTABLE_PREFIX = "";
				EXECUTABLE_SUFFIX = "";
				GCC_GENERATE_DEBUGGING_SYMBOLS = YES;
				GCC_INLINES_ARE_PRIVATE_EXTERN = NO;
				GCC_OPTIMIZATION_LEVEL = 0;
				GCC_PREPROCESSOR_DEFINITIONS = "'CMAKE_INTDIR=\"$(CONFIGURATION)$(EFFECTIVE_PLATFORM_NAME)\"'";
				GCC_SYMBOLS_PRIVATE_EXTERN = NO;
				HEADER_SEARCH_PATHS = (
					/usr/local/include,
					/usr/local/opt/openssl/include,
				);
				INSTALL_PATH = "";
				LD_RUNPATH_SEARCH_PATHS = "/usr/local/lib /usr/local/opt/openssl/lib /usr/local/Cellar/libuv/1.11.0/lib";
				LIBRARY_SEARCH_PATHS = (
					"/usr/local/lib/$(CONFIGURATION)$(EFFECTIVE_PLATFORM_NAME)",
					/usr/local/lib,
					"/usr/local/opt/openssl/lib/$(CONFIGURATION)$(EFFECTIVE_PLATFORM_NAME)",
					/usr/local/opt/openssl/lib,
					"/usr/local/Cellar/libuv/1.11.0/lib/$(CONFIGURATION)$(EFFECTIVE_PLATFORM_NAME)",
					/usr/local/Cellar/libuv/1.11.0/lib,
				);
				OTHER_CPLUSPLUSFLAGS = (
					"-I/usr/local/include",
					"-I/usr/local/opt/openssl/include",
					"-std=c++11",
				);
				OTHER_LDFLAGS = (
					"-Wl,-search_paths_first",
					"-Wl,-headerpad_max_install_names",
					"-lz",
					"-lssl",
					"-luv",
					"-luWS",
				);
				OTHER_REZFLAGS = "";
				PRODUCT_NAME = ExtendedKF;
				SECTORDER_FLAGS = "";
				SYMROOT = "/Users/pc/Documents/Programowanie/udacity/sdce/CarND-Extended-Kalman-Filter-Project/ide_profiles/xcode";
				USE_HEADERMAP = NO;
				WARNING_CFLAGS = (
					"-Wmost",
					"-Wno-four-char-constants",
					"-Wno-unknown-pragmas",
					"$(inherited)",
				);
			};
			name = Debug;
		};
		2BFEBBD7D19A4A93BD1FE672 /* Release */ = {
			isa = XCBuildConfiguration;
			buildSettings = {
				COMBINE_HIDPI_IMAGES = YES;
				GCC_GENERATE_DEBUGGING_SYMBOLS = YES;
				GCC_INLINES_ARE_PRIVATE_EXTERN = NO;
				GCC_OPTIMIZATION_LEVEL = 0;
				GCC_PREPROCESSOR_DEFINITIONS = "'CMAKE_INTDIR=\"$(CONFIGURATION)$(EFFECTIVE_PLATFORM_NAME)\"'";
				GCC_SYMBOLS_PRIVATE_EXTERN = NO;
				HEADER_SEARCH_PATHS = (
					/usr/local/include,
					/usr/local/opt/openssl/include,
				);
				INSTALL_PATH = "";
				OTHER_LDFLAGS = " ";
				OTHER_REZFLAGS = "";
				PRODUCT_NAME = ALL_BUILD;
				SECTORDER_FLAGS = "";
				SYMROOT = "/Users/pc/Documents/Programowanie/udacity/sdce/CarND-Extended-Kalman-Filter-Project/ide_profiles/xcode";
				USE_HEADERMAP = NO;
				WARNING_CFLAGS = (
					"-Wmost",
					"-Wno-four-char-constants",
					"-Wno-unknown-pragmas",
					"$(inherited)",
				);
			};
			name = Release;
		};
		4D58CCB410B04F39BFA9090C /* RelWithDebInfo */ = {
			isa = XCBuildConfiguration;
			buildSettings = {
				COMBINE_HIDPI_IMAGES = YES;
				EXECUTABLE_PREFIX = "";
				EXECUTABLE_SUFFIX = "";
				GCC_GENERATE_DEBUGGING_SYMBOLS = YES;
				GCC_INLINES_ARE_PRIVATE_EXTERN = NO;
				GCC_OPTIMIZATION_LEVEL = 2;
				GCC_PREPROCESSOR_DEFINITIONS = "'CMAKE_INTDIR=\"$(CONFIGURATION)$(EFFECTIVE_PLATFORM_NAME)\"'";
				GCC_SYMBOLS_PRIVATE_EXTERN = NO;
				HEADER_SEARCH_PATHS = (
					/usr/local/include,
					/usr/local/opt/openssl/include,
				);
				INSTALL_PATH = "";
				LD_RUNPATH_SEARCH_PATHS = "/usr/local/lib /usr/local/opt/openssl/lib /usr/local/Cellar/libuv/1.11.0/lib";
				LIBRARY_SEARCH_PATHS = (
					"/usr/local/lib/$(CONFIGURATION)$(EFFECTIVE_PLATFORM_NAME)",
					/usr/local/lib,
					"/usr/local/opt/openssl/lib/$(CONFIGURATION)$(EFFECTIVE_PLATFORM_NAME)",
					/usr/local/opt/openssl/lib,
					"/usr/local/Cellar/libuv/1.11.0/lib/$(CONFIGURATION)$(EFFECTIVE_PLATFORM_NAME)",
					/usr/local/Cellar/libuv/1.11.0/lib,
				);
				OTHER_CPLUSPLUSFLAGS = (
					"-DNDEBUG",
					"-I/usr/local/include",
					"-I/usr/local/opt/openssl/include",
					"-std=c++11",
				);
				OTHER_LDFLAGS = (
					"-Wl,-search_paths_first",
					"-Wl,-headerpad_max_install_names",
					"-lz",
					"-lssl",
					"-luv",
					"-luWS",
				);
				OTHER_REZFLAGS = "";
				PRODUCT_NAME = ExtendedKF;
				SECTORDER_FLAGS = "";
				SYMROOT = "/Users/pc/Documents/Programowanie/udacity/sdce/CarND-Extended-Kalman-Filter-Project/ide_profiles/xcode";
				USE_HEADERMAP = NO;
				WARNING_CFLAGS = (
					"-Wmost",
					"-Wno-four-char-constants",
					"-Wno-unknown-pragmas",
					"$(inherited)",
				);
			};
			name = RelWithDebInfo;
		};
		4EB630A339A74D0C95D37D56 /* MinSizeRel */ = {
			isa = XCBuildConfiguration;
			buildSettings = {
				COMBINE_HIDPI_IMAGES = YES;
				GCC_GENERATE_DEBUGGING_SYMBOLS = YES;
				GCC_INLINES_ARE_PRIVATE_EXTERN = NO;
				GCC_OPTIMIZATION_LEVEL = 0;
				GCC_PREPROCESSOR_DEFINITIONS = "'CMAKE_INTDIR=\"$(CONFIGURATION)$(EFFECTIVE_PLATFORM_NAME)\"'";
				GCC_SYMBOLS_PRIVATE_EXTERN = NO;
				HEADER_SEARCH_PATHS = (
					/usr/local/include,
					/usr/local/opt/openssl/include,
				);
				INSTALL_PATH = "";
				OTHER_LDFLAGS = " ";
				OTHER_REZFLAGS = "";
				PRODUCT_NAME = ALL_BUILD;
				SECTORDER_FLAGS = "";
				SYMROOT = "/Users/pc/Documents/Programowanie/udacity/sdce/CarND-Extended-Kalman-Filter-Project/ide_profiles/xcode";
				USE_HEADERMAP = NO;
				WARNING_CFLAGS = (
					"-Wmost",
					"-Wno-four-char-constants",
					"-Wno-unknown-pragmas",
					"$(inherited)",
				);
			};
			name = MinSizeRel;
		};
		54F0346A1D884E61983C51EF /* Release */ = {
			isa = XCBuildConfiguration;
			buildSettings = {
				COMBINE_HIDPI_IMAGES = YES;
				GCC_GENERATE_DEBUGGING_SYMBOLS = YES;
				GCC_INLINES_ARE_PRIVATE_EXTERN = NO;
				GCC_OPTIMIZATION_LEVEL = 0;
				GCC_PREPROCESSOR_DEFINITIONS = "'CMAKE_INTDIR=\"$(CONFIGURATION)$(EFFECTIVE_PLATFORM_NAME)\"'";
				GCC_SYMBOLS_PRIVATE_EXTERN = NO;
				HEADER_SEARCH_PATHS = (
					/usr/local/include,
					/usr/local/opt/openssl/include,
				);
				INSTALL_PATH = "";
				OTHER_LDFLAGS = " ";
				OTHER_REZFLAGS = "";
				PRODUCT_NAME = ZERO_CHECK;
				SECTORDER_FLAGS = "";
				SYMROOT = "/Users/pc/Documents/Programowanie/udacity/sdce/CarND-Extended-Kalman-Filter-Project/ide_profiles/xcode";
				USE_HEADERMAP = NO;
				WARNING_CFLAGS = (
					"-Wmost",
					"-Wno-four-char-constants",
					"-Wno-unknown-pragmas",
					"$(inherited)",
				);
			};
			name = Release;
		};
		9463DA9003E64F50B6E24677 /* RelWithDebInfo */ = {
			isa = XCBuildConfiguration;
			buildSettings = {
				COMBINE_HIDPI_IMAGES = YES;
				GCC_GENERATE_DEBUGGING_SYMBOLS = YES;
				GCC_INLINES_ARE_PRIVATE_EXTERN = NO;
				GCC_OPTIMIZATION_LEVEL = 0;
				GCC_PREPROCESSOR_DEFINITIONS = "'CMAKE_INTDIR=\"$(CONFIGURATION)$(EFFECTIVE_PLATFORM_NAME)\"'";
				GCC_SYMBOLS_PRIVATE_EXTERN = NO;
				HEADER_SEARCH_PATHS = (
					/usr/local/include,
					/usr/local/opt/openssl/include,
				);
				INSTALL_PATH = "";
				OTHER_LDFLAGS = " ";
				OTHER_REZFLAGS = "";
				PRODUCT_NAME = ZERO_CHECK;
				SECTORDER_FLAGS = "";
				SYMROOT = "/Users/pc/Documents/Programowanie/udacity/sdce/CarND-Extended-Kalman-Filter-Project/ide_profiles/xcode";
				USE_HEADERMAP = NO;
				WARNING_CFLAGS = (
					"-Wmost",
					"-Wno-four-char-constants",
					"-Wno-unknown-pragmas",
					"$(inherited)",
				);
			};
			name = RelWithDebInfo;
		};
		9AE366D67189476EA078BD4D /* Debug */ = {
			isa = XCBuildConfiguration;
			buildSettings = {
				COMBINE_HIDPI_IMAGES = YES;
				GCC_GENERATE_DEBUGGING_SYMBOLS = YES;
				GCC_INLINES_ARE_PRIVATE_EXTERN = NO;
				GCC_OPTIMIZATION_LEVEL = 0;
				GCC_PREPROCESSOR_DEFINITIONS = "'CMAKE_INTDIR=\"$(CONFIGURATION)$(EFFECTIVE_PLATFORM_NAME)\"'";
				GCC_SYMBOLS_PRIVATE_EXTERN = NO;
				HEADER_SEARCH_PATHS = (
					/usr/local/include,
					/usr/local/opt/openssl/include,
				);
				INSTALL_PATH = "";
				OTHER_LDFLAGS = " ";
				OTHER_REZFLAGS = "";
				PRODUCT_NAME = ZERO_CHECK;
				SECTORDER_FLAGS = "";
				SYMROOT = "/Users/pc/Documents/Programowanie/udacity/sdce/CarND-Extended-Kalman-Filter-Project/ide_profiles/xcode";
				USE_HEADERMAP = NO;
				WARNING_CFLAGS = (
					"-Wmost",
					"-Wno-four-char-constants",
					"-Wno-unknown-pragmas",
					"$(inherited)",
				);
			};
			name = Debug;
		};
		9D5A18D8C3F1404CB5262D01 /* MinSizeRel */ = {
			isa = XCBuildConfiguration;
			buildSettings = {
				COMBINE_HIDPI_IMAGES = YES;
				GCC_GENERATE_DEBUGGING_SYMBOLS = YES;
				GCC_INLINES_ARE_PRIVATE_EXTERN = NO;
				GCC_OPTIMIZATION_LEVEL = 0;
				GCC_PREPROCESSOR_DEFINITIONS = "'CMAKE_INTDIR=\"$(CONFIGURATION)$(EFFECTIVE_PLATFORM_NAME)\"'";
				GCC_SYMBOLS_PRIVATE_EXTERN = NO;
				HEADER_SEARCH_PATHS = (
					/usr/local/include,
					/usr/local/opt/openssl/include,
				);
				INSTALL_PATH = "";
				OTHER_LDFLAGS = " ";
				OTHER_REZFLAGS = "";
				PRODUCT_NAME = ZERO_CHECK;
				SECTORDER_FLAGS = "";
				SYMROOT = "/Users/pc/Documents/Programowanie/udacity/sdce/CarND-Extended-Kalman-Filter-Project/ide_profiles/xcode";
				USE_HEADERMAP = NO;
				WARNING_CFLAGS = (
					"-Wmost",
					"-Wno-four-char-constants",
					"-Wno-unknown-pragmas",
					"$(inherited)",
				);
			};
			name = MinSizeRel;
		};
		B546208D2909481789AF66A7 /* MinSizeRel */ = {
			isa = XCBuildConfiguration;
			buildSettings = {
				COMBINE_HIDPI_IMAGES = YES;
				EXECUTABLE_PREFIX = "";
				EXECUTABLE_SUFFIX = "";
				GCC_GENERATE_DEBUGGING_SYMBOLS = NO;
				GCC_INLINES_ARE_PRIVATE_EXTERN = NO;
				GCC_OPTIMIZATION_LEVEL = s;
				GCC_PREPROCESSOR_DEFINITIONS = "'CMAKE_INTDIR=\"$(CONFIGURATION)$(EFFECTIVE_PLATFORM_NAME)\"'";
				GCC_SYMBOLS_PRIVATE_EXTERN = NO;
				HEADER_SEARCH_PATHS = (
					/usr/local/include,
					/usr/local/opt/openssl/include,
				);
				INSTALL_PATH = "";
				LD_RUNPATH_SEARCH_PATHS = "/usr/local/lib /usr/local/opt/openssl/lib /usr/local/Cellar/libuv/1.11.0/lib";
				LIBRARY_SEARCH_PATHS = (
					"/usr/local/lib/$(CONFIGURATION)$(EFFECTIVE_PLATFORM_NAME)",
					/usr/local/lib,
					"/usr/local/opt/openssl/lib/$(CONFIGURATION)$(EFFECTIVE_PLATFORM_NAME)",
					/usr/local/opt/openssl/lib,
					"/usr/local/Cellar/libuv/1.11.0/lib/$(CONFIGURATION)$(EFFECTIVE_PLATFORM_NAME)",
					/usr/local/Cellar/libuv/1.11.0/lib,
				);
				OTHER_CPLUSPLUSFLAGS = (
					"-DNDEBUG",
					"-I/usr/local/include",
					"-I/usr/local/opt/openssl/include",
					"-std=c++11",
				);
				OTHER_LDFLAGS = (
					"-Wl,-search_paths_first",
					"-Wl,-headerpad_max_install_names",
					"-lz",
					"-lssl",
					"-luv",
					"-luWS",
				);
				OTHER_REZFLAGS = "";
				PRODUCT_NAME = ExtendedKF;
				SECTORDER_FLAGS = "";
				SYMROOT = "/Users/pc/Documents/Programowanie/udacity/sdce/CarND-Extended-Kalman-Filter-Project/ide_profiles/xcode";
				USE_HEADERMAP = NO;
				WARNING_CFLAGS = (
					"-Wmost",
					"-Wno-four-char-constants",
					"-Wno-unknown-pragmas",
					"$(inherited)",
				);
			};
			name = MinSizeRel;
		};
		BA1ED6DDCAC140BAAA74399B /* RelWithDebInfo */ = {
			isa = XCBuildConfiguration;
			buildSettings = {
				COMBINE_HIDPI_IMAGES = YES;
				GCC_GENERATE_DEBUGGING_SYMBOLS = YES;
				GCC_INLINES_ARE_PRIVATE_EXTERN = NO;
				GCC_OPTIMIZATION_LEVEL = 0;
				GCC_PREPROCESSOR_DEFINITIONS = "'CMAKE_INTDIR=\"$(CONFIGURATION)$(EFFECTIVE_PLATFORM_NAME)\"'";
				GCC_SYMBOLS_PRIVATE_EXTERN = NO;
				HEADER_SEARCH_PATHS = (
					/usr/local/include,
					/usr/local/opt/openssl/include,
				);
				INSTALL_PATH = "";
				OTHER_LDFLAGS = " ";
				OTHER_REZFLAGS = "";
				PRODUCT_NAME = ALL_BUILD;
				SECTORDER_FLAGS = "";
				SYMROOT = "/Users/pc/Documents/Programowanie/udacity/sdce/CarND-Extended-Kalman-Filter-Project/ide_profiles/xcode";
				USE_HEADERMAP = NO;
				WARNING_CFLAGS = (
					"-Wmost",
					"-Wno-four-char-constants",
					"-Wno-unknown-pragmas",
					"$(inherited)",
				);
			};
			name = RelWithDebInfo;
		};
		E5124BE839684291A7E8166F /* Debug */ = {
			isa = XCBuildConfiguration;
			buildSettings = {
				MACOSX_DEPLOYMENT_TARGET = 10.11;
				ONLY_ACTIVE_ARCH = YES;
				SDKROOT = /Applications/Xcode.app/Contents/Developer/Platforms/MacOSX.platform/Developer/SDKs/MacOSX10.12.sdk;
				SYMROOT = "/Users/pc/Documents/Programowanie/udacity/sdce/CarND-Extended-Kalman-Filter-Project/ide_profiles/xcode/build";
			};
			name = Debug;
		};
		F989A00AE3914B3585ED3731 /* Debug */ = {
			isa = XCBuildConfiguration;
			buildSettings = {
				COMBINE_HIDPI_IMAGES = YES;
				GCC_GENERATE_DEBUGGING_SYMBOLS = YES;
				GCC_INLINES_ARE_PRIVATE_EXTERN = NO;
				GCC_OPTIMIZATION_LEVEL = 0;
				GCC_PREPROCESSOR_DEFINITIONS = "'CMAKE_INTDIR=\"$(CONFIGURATION)$(EFFECTIVE_PLATFORM_NAME)\"'";
				GCC_SYMBOLS_PRIVATE_EXTERN = NO;
				HEADER_SEARCH_PATHS = (
					/usr/local/include,
					/usr/local/opt/openssl/include,
				);
				INSTALL_PATH = "";
				OTHER_LDFLAGS = " ";
				OTHER_REZFLAGS = "";
				PRODUCT_NAME = ALL_BUILD;
				SECTORDER_FLAGS = "";
				SYMROOT = "/Users/pc/Documents/Programowanie/udacity/sdce/CarND-Extended-Kalman-Filter-Project/ide_profiles/xcode";
				USE_HEADERMAP = NO;
				WARNING_CFLAGS = (
					"-Wmost",
					"-Wno-four-char-constants",
					"-Wno-unknown-pragmas",
					"$(inherited)",
				);
			};
			name = Debug;
		};
		FA23546880C441C0A7759815 /* RelWithDebInfo */ = {
			isa = XCBuildConfiguration;
			buildSettings = {
				MACOSX_DEPLOYMENT_TARGET = 10.11;
				ONLY_ACTIVE_ARCH = YES;
				SDKROOT = /Applications/Xcode.app/Contents/Developer/Platforms/MacOSX.platform/Developer/SDKs/MacOSX10.12.sdk;
				SYMROOT = "/Users/pc/Documents/Programowanie/udacity/sdce/CarND-Extended-Kalman-Filter-Project/ide_profiles/xcode/build";
			};
			name = RelWithDebInfo;
		};
		FB8414AC434D4217973A5F68 /* MinSizeRel */ = {
			isa = XCBuildConfiguration;
			buildSettings = {
				MACOSX_DEPLOYMENT_TARGET = 10.11;
				ONLY_ACTIVE_ARCH = YES;
				SDKROOT = /Applications/Xcode.app/Contents/Developer/Platforms/MacOSX.platform/Developer/SDKs/MacOSX10.12.sdk;
				SYMROOT = "/Users/pc/Documents/Programowanie/udacity/sdce/CarND-Extended-Kalman-Filter-Project/ide_profiles/xcode/build";
			};
			name = MinSizeRel;
		};
		FC024AD5410A4EC4955A4DC0 /* Release */ = {
			isa = XCBuildConfiguration;
			buildSettings = {
				MACOSX_DEPLOYMENT_TARGET = 10.11;
				ONLY_ACTIVE_ARCH = YES;
				SDKROOT = /Applications/Xcode.app/Contents/Developer/Platforms/MacOSX.platform/Developer/SDKs/MacOSX10.12.sdk;
				SYMROOT = "/Users/pc/Documents/Programowanie/udacity/sdce/CarND-Extended-Kalman-Filter-Project/ide_profiles/xcode/build";
			};
			name = Release;
		};
/* End XCBuildConfiguration section */

/* Begin XCConfigurationList section */
		9E27F9CA613842E9AF099573 /* Build configuration list for PBXAggregateTarget "ZERO_CHECK" */ = {
			isa = XCConfigurationList;
			buildConfigurations = (
				9AE366D67189476EA078BD4D /* Debug */,
				54F0346A1D884E61983C51EF /* Release */,
				9D5A18D8C3F1404CB5262D01 /* MinSizeRel */,
				9463DA9003E64F50B6E24677 /* RelWithDebInfo */,
			);
			defaultConfigurationIsVisible = 0;
			defaultConfigurationName = Debug;
		};
		C91532DF82FA4E259CD9373A /* Build configuration list for PBXProject "ExtendedKF" */ = {
			isa = XCConfigurationList;
			buildConfigurations = (
				E5124BE839684291A7E8166F /* Debug */,
				FC024AD5410A4EC4955A4DC0 /* Release */,
				FB8414AC434D4217973A5F68 /* MinSizeRel */,
				FA23546880C441C0A7759815 /* RelWithDebInfo */,
			);
			defaultConfigurationIsVisible = 0;
			defaultConfigurationName = Debug;
		};
		D9949F3D9EDC4C6F8EFEEA8C /* Build configuration list for PBXNativeTarget "ExtendedKF" */ = {
			isa = XCConfigurationList;
			buildConfigurations = (
				16012C307B5D4CE5816F2810 /* Debug */,
				09BEAE097A5E4C70879BC6E5 /* Release */,
				B546208D2909481789AF66A7 /* MinSizeRel */,
				4D58CCB410B04F39BFA9090C /* RelWithDebInfo */,
			);
			defaultConfigurationIsVisible = 0;
			defaultConfigurationName = Debug;
		};
		FEECD85F38824B1EB9D4C3EC /* Build configuration list for PBXAggregateTarget "ALL_BUILD" */ = {
			isa = XCConfigurationList;
			buildConfigurations = (
				F989A00AE3914B3585ED3731 /* Debug */,
				2BFEBBD7D19A4A93BD1FE672 /* Release */,
				4EB630A339A74D0C95D37D56 /* MinSizeRel */,
				BA1ED6DDCAC140BAAA74399B /* RelWithDebInfo */,
			);
			defaultConfigurationIsVisible = 0;
			defaultConfigurationName = Debug;
		};
/* End XCConfigurationList section */
	};
	rootObject = 2CF61E8973464041B86A8952 /* Project object */;
}
